
Microsoft Visual Studio Solution File, Format Version 12.00
# Visual Studio 15
VisualStudioVersion = 15.0.27428.2015
MinimumVisualStudioVersion = 10.0.40219.1
Project("{FAE04EC0-301F-11D3-BF4B-00C04F79EFBC}") = "Tests", "Tests\Tests.csproj", "{5C23B893-735B-49AC-98A2-CC83B3790FCF}"
EndProject
Project("{FAE04EC0-301F-11D3-BF4B-00C04F79EFBC}") = "WebApp", "WebApp\WebApp.csproj", "{4F50B2DE-E515-4135-A548-4E1178223BEB}"
EndProject
Global
	GlobalSection(SolutionConfigurationPlatforms) = preSolution
		Debug|Any CPU = Debug|Any CPU
		Release|Any CPU = Release|Any CPU
	EndGlobalSection
	GlobalSection(ProjectConfigurationPlatforms) = postSolution
		{5C23B893-735B-49AC-98A2-CC83B3790FCF}.Debug|Any CPU.ActiveCfg = Debug|Any CPU
		{5C23B893-735B-49AC-98A2-CC83B3790FCF}.Debug|Any CPU.Build.0 = Debug|Any CPU
		{5C23B893-735B-49AC-98A2-CC83B3790FCF}.Release|Any CPU.ActiveCfg = Release|Any CPU
		{5C23B893-735B-49AC-98A2-CC83B3790FCF}.Release|Any CPU.Build.0 = Release|Any CPU
		{4F50B2DE-E515-4135-A548-4E1178223BEB}.Debug|Any CPU.ActiveCfg = Debug|Any CPU
		{4F50B2DE-E515-4135-A548-4E1178223BEB}.Debug|Any CPU.Build.0 = Debug|Any CPU
		{4F50B2DE-E515-4135-A548-4E1178223BEB}.Release|Any CPU.ActiveCfg = Release|Any CPU
		{4F50B2DE-E515-4135-A548-4E1178223BEB}.Release|Any CPU.Build.0 = Release|Any CPU
	EndGlobalSection
	GlobalSection(SolutionProperties) = preSolution
		HideSolutionNode = FALSE
	EndGlobalSection
	GlobalSection(ExtensibilityGlobals) = postSolution
		SolutionGuid = {501352AD-24BF-4393-80A2-A54F28016B0B}
	EndGlobalSection
EndGlobal
